
Microsoft Visual Studio Solution File, Format Version 12.00
# Visual Studio Version 16
VisualStudioVersion = 16.0.31129.286
MinimumVisualStudioVersion = 10.0.40219.1
Project("{FAE04EC0-301F-11D3-BF4B-00C04F79EFBC}") = "CalculadoraLibrary", "..\Calculadora\CalculadoraLibrary.csproj", "{C96160A8-C06A-4F11-B846-3CB80F442593}"
EndProject
Project("{FAE04EC0-301F-11D3-BF4B-00C04F79EFBC}") = "NumeroLibrary", "..\Numero\NumeroLibrary.csproj", "{64A3FAE7-09E0-4838-A2B5-C82232746FAC}"
EndProject
Project("{FAE04EC0-301F-11D3-BF4B-00C04F79EFBC}") = "MiCalculadoraFrm", "..\MiCalculadoraFrm\MiCalculadoraFrm.csproj", "{E23DE7BD-2F7E-4E88-A7DC-A7A564065B5F}"
EndProject
Global
	GlobalSection(SolutionConfigurationPlatforms) = preSolution
		Debug|Any CPU = Debug|Any CPU
		Release|Any CPU = Release|Any CPU
	EndGlobalSection
	GlobalSection(ProjectConfigurationPlatforms) = postSolution
		{C96160A8-C06A-4F11-B846-3CB80F442593}.Debug|Any CPU.ActiveCfg = Debug|Any CPU
		{C96160A8-C06A-4F11-B846-3CB80F442593}.Debug|Any CPU.Build.0 = Debug|Any CPU
		{C96160A8-C06A-4F11-B846-3CB80F442593}.Release|Any CPU.ActiveCfg = Release|Any CPU
		{C96160A8-C06A-4F11-B846-3CB80F442593}.Release|Any CPU.Build.0 = Release|Any CPU
		{64A3FAE7-09E0-4838-A2B5-C82232746FAC}.Debug|Any CPU.ActiveCfg = Debug|Any CPU
		{64A3FAE7-09E0-4838-A2B5-C82232746FAC}.Debug|Any CPU.Build.0 = Debug|Any CPU
		{64A3FAE7-09E0-4838-A2B5-C82232746FAC}.Release|Any CPU.ActiveCfg = Release|Any CPU
		{64A3FAE7-09E0-4838-A2B5-C82232746FAC}.Release|Any CPU.Build.0 = Release|Any CPU
		{E23DE7BD-2F7E-4E88-A7DC-A7A564065B5F}.Debug|Any CPU.ActiveCfg = Debug|Any CPU
		{E23DE7BD-2F7E-4E88-A7DC-A7A564065B5F}.Debug|Any CPU.Build.0 = Debug|Any CPU
		{E23DE7BD-2F7E-4E88-A7DC-A7A564065B5F}.Release|Any CPU.ActiveCfg = Release|Any CPU
		{E23DE7BD-2F7E-4E88-A7DC-A7A564065B5F}.Release|Any CPU.Build.0 = Release|Any CPU
	EndGlobalSection
	GlobalSection(SolutionProperties) = preSolution
		HideSolutionNode = FALSE
	EndGlobalSection
	GlobalSection(ExtensibilityGlobals) = postSolution
		SolutionGuid = {B3D709E7-C742-47D5-9879-76F4B8EC8130}
	EndGlobalSection
EndGlobal
